
Microsoft Visual Studio Solution File, Format Version 12.00
# Visual Studio 15
VisualStudioVersion = 15.0.26124.0
MinimumVisualStudioVersion = 15.0.26124.0
Project("{9A19103F-16F7-4668-BE54-9A1E7A4F7556}") = "Semesterprojekt.API", "Semesterprojekt.API\Semesterprojekt.API.csproj", "{5EB6BCE4-EAE1-490E-8BB3-D4478FDA89A5}"
EndProject
Project("{FAE04EC0-301F-11D3-BF4B-00C04F79EFBC}") = "Semesterprojekt.UI", "Semesterprojekt.UI\Semesterprojekt.UI.csproj", "{239013A7-490F-4340-AFB9-A3290ACA2BC6}"
EndProject
Global
	GlobalSection(SolutionConfigurationPlatforms) = preSolution
		Debug|Any CPU = Debug|Any CPU
		Release|Any CPU = Release|Any CPU
	EndGlobalSection
	GlobalSection(ProjectConfigurationPlatforms) = postSolution
		{5EB6BCE4-EAE1-490E-8BB3-D4478FDA89A5}.Debug|Any CPU.ActiveCfg = Debug|Any CPU
		{5EB6BCE4-EAE1-490E-8BB3-D4478FDA89A5}.Debug|Any CPU.Build.0 = Debug|Any CPU
		{5EB6BCE4-EAE1-490E-8BB3-D4478FDA89A5}.Release|Any CPU.ActiveCfg = Release|Any CPU
		{5EB6BCE4-EAE1-490E-8BB3-D4478FDA89A5}.Release|Any CPU.Build.0 = Release|Any CPU
		{239013A7-490F-4340-AFB9-A3290ACA2BC6}.Debug|Any CPU.ActiveCfg = Debug|Any CPU
		{239013A7-490F-4340-AFB9-A3290ACA2BC6}.Debug|Any CPU.Build.0 = Debug|Any CPU
		{239013A7-490F-4340-AFB9-A3290ACA2BC6}.Release|Any CPU.ActiveCfg = Release|Any CPU
		{239013A7-490F-4340-AFB9-A3290ACA2BC6}.Release|Any CPU.Build.0 = Release|Any CPU
	EndGlobalSection
	GlobalSection(SolutionProperties) = preSolution
		HideSolutionNode = FALSE
	EndGlobalSection
	GlobalSection(ExtensibilityGlobals) = postSolution
		SolutionGuid = {7CEFA912-90FD-4880-8377-2697B34A4517}
	EndGlobalSection
EndGlobal
